
Microsoft Visual Studio Solution File, Format Version 12.00
# Visual Studio 15
VisualStudioVersion = 15.0.26403.7
MinimumVisualStudioVersion = 10.0.40219.1
Project("{FAE04EC0-301F-11D3-BF4B-00C04F79EFBC}") = "MobTime", "MobTime\MobTime.csproj", "{84CDA684-322B-4C3A-B632-1949E94AF881}"
EndProject
Project("{2150E333-8FDC-42A3-9474-1A3956D46DE8}") = "Solution Items", "Solution Items", "{A2C82D25-95CC-480D-901A-03145750BAF6}"
	ProjectSection(SolutionItems) = preProject
		README.md = README.md
		screenshot1.png = screenshot1.png
		screenshot2.png = screenshot2.png
	EndProjectSection
EndProject
Global
	GlobalSection(SolutionConfigurationPlatforms) = preSolution
		Debug|Any CPU = Debug|Any CPU
		Release|Any CPU = Release|Any CPU
	EndGlobalSection
	GlobalSection(ProjectConfigurationPlatforms) = postSolution
		{84CDA684-322B-4C3A-B632-1949E94AF881}.Debug|Any CPU.ActiveCfg = Debug|Any CPU
		{84CDA684-322B-4C3A-B632-1949E94AF881}.Debug|Any CPU.Build.0 = Debug|Any CPU
		{84CDA684-322B-4C3A-B632-1949E94AF881}.Release|Any CPU.ActiveCfg = Release|Any CPU
		{84CDA684-322B-4C3A-B632-1949E94AF881}.Release|Any CPU.Build.0 = Release|Any CPU
	EndGlobalSection
	GlobalSection(SolutionProperties) = preSolution
		HideSolutionNode = FALSE
	EndGlobalSection
EndGlobal
